github.com/cearley/private-content v0.0.0-20260122190321-019789445a84 h1:HTojBcTQ6L6EMMzllA03F2IikfK3RwUSk8nqc/1BC/8=
github.com/cearley/private-content v0.0.0-20260122190321-019789445a84/go.mod h1:rGFek00O6BQoS9gvE+gQfGgwA+2p7j9q/75q/RH1UYM=
github.com/cearley/private-hugo-theme v0.0.0-20260122185025-69e43d2a9b86 h1:VMS+ywbeI93Dk1xPgbQJFwCdwxFfG0yfQ/Nk2P0Dh8U=
github.com/cearley/private-hugo-theme v0.0.0-20260122185025-69e43d2a9b86/go.mod h1:Wep4Vfy0s6XSzfB2ToFBuCQXN+Q3RtwbtRjrxrd6SOk=
