github.com/cearley/private-content v0.0.0-20260122180645-9581c084f600 h1:4cjUZRDoMUuoAxI+KRyv20xY3WRz7hRgOVMu0dFYtjY=
github.com/cearley/private-content v0.0.0-20260122180645-9581c084f600/go.mod h1:rGFek00O6BQoS9gvE+gQfGgwA+2p7j9q/75q/RH1UYM=
github.com/cearley/private-hugo-theme v0.0.0-20260122185025-69e43d2a9b86 h1:VMS+ywbeI93Dk1xPgbQJFwCdwxFfG0yfQ/Nk2P0Dh8U=
github.com/cearley/private-hugo-theme v0.0.0-20260122185025-69e43d2a9b86/go.mod h1:Wep4Vfy0s6XSzfB2ToFBuCQXN+Q3RtwbtRjrxrd6SOk=
