github.com/cearley/private-content v0.0.0-20260122222922-26cc3ac7dc30 h1:iBLHjs65bMBDjJo681lsU3YjLNE3b+8yxCvmZ6RzKcs=
github.com/cearley/private-content v0.0.0-20260122222922-26cc3ac7dc30/go.mod h1:rGFek00O6BQoS9gvE+gQfGgwA+2p7j9q/75q/RH1UYM=
github.com/cearley/private-hugo-theme v0.1.0 h1:PaIt7fe4praVAAOrt/2lLpmfbpVc4wF+w7uaZJ+f8Uo=
github.com/cearley/private-hugo-theme v0.1.0/go.mod h1:Wep4Vfy0s6XSzfB2ToFBuCQXN+Q3RtwbtRjrxrd6SOk=
